
Microsoft Visual Studio Solution File, Format Version 12.00
# Visual Studio Version 17
VisualStudioVersion = 17.3.32811.315
MinimumVisualStudioVersion = 10.0.40219.1
Project("{2150E333-8FDC-42A3-9474-1A3956D46DE8}") = "src", "src", "{C9EDDF4C-E5BC-4E95-B181-6D0F72B3DC65}"
EndProject
Project("{2150E333-8FDC-42A3-9474-1A3956D46DE8}") = "test", "test", "{78E37B2F-169D-4C62-8AB0-72D8CB14BD65}"
EndProject
Project("{2150E333-8FDC-42A3-9474-1A3956D46DE8}") = "benchmark", "benchmark", "{B517BF3B-13B4-46F7-91F1-48E025BA6B61}"
EndProject
Project("{2150E333-8FDC-42A3-9474-1A3956D46DE8}") = "config", "config", "{D610A98B-68E0-4BE7-B174-8CC7A1A49A60}"
	ProjectSection(SolutionItems) = preProject
		config\colors.json = config\colors.json
		config\core_config.json = config\core_config.json
	EndProjectSection
EndProject
Project("{9A19103F-16F7-4668-BE54-9A1E7A4F7556}") = "ParticleSimulation.Core.Benchmarks", "benchmark\ParticleSimulation.Core.Benchmarks\ParticleSimulation.Core.Benchmarks.csproj", "{45F7CDCB-8904-4713-9B2A-BE3306705819}"
EndProject
Project("{9A19103F-16F7-4668-BE54-9A1E7A4F7556}") = "ParticleSimulation.Core", "src\ParticleSimulation.Core\ParticleSimulation.Core.csproj", "{A8FA706F-EDF0-4F83-BEE9-78308812B821}"
EndProject
Project("{8BC9CEB8-8B4A-11D0-8D11-00A0C91BC942}") = "ParticleSimulation.Core.CUDA", "src\ParticleSimulation.Core.CUDA\ParticleSimulation.Core.CUDA.vcxproj", "{B0B81BC1-D90A-4515-89A1-BB2AF1FD0E62}"
EndProject
Project("{9A19103F-16F7-4668-BE54-9A1E7A4F7556}") = "ParticleSimulation.GUI", "src\ParticleSimulation.GUI\ParticleSimulation.GUI.csproj", "{550A58D5-E510-4120-A3E6-FCA0C6C82514}"
EndProject
Project("{9A19103F-16F7-4668-BE54-9A1E7A4F7556}") = "ParticleSimulation.Utils", "src\ParticleSimulation.Utils\ParticleSimulation.Utils.csproj", "{AF6F5CD9-316F-42DD-9BB8-50983979906A}"
EndProject
Project("{9A19103F-16F7-4668-BE54-9A1E7A4F7556}") = "ParticleSimulation.Core.Tests", "test\ParticleSimulation.Core.Tests\ParticleSimulation.Core.Tests.csproj", "{CD1C5CAE-B0C5-4ACF-A93A-38F8C55C2753}"
EndProject
Project("{9A19103F-16F7-4668-BE54-9A1E7A4F7556}") = "ParticleSimulation.Utils.Tests", "test\ParticleSimulation.Utils.Tests\ParticleSimulation.Utils.Tests.csproj", "{06565EB6-2AB4-49B1-B2FD-FCF9CACA73A6}"
EndProject
Global
	GlobalSection(SolutionConfigurationPlatforms) = preSolution
		Debug|Any CPU = Debug|Any CPU
		Debug|x64 = Debug|x64
		Release|Any CPU = Release|Any CPU
		Release|x64 = Release|x64
	EndGlobalSection
	GlobalSection(ProjectConfigurationPlatforms) = postSolution
		{45F7CDCB-8904-4713-9B2A-BE3306705819}.Debug|Any CPU.ActiveCfg = Debug|Any CPU
		{45F7CDCB-8904-4713-9B2A-BE3306705819}.Debug|Any CPU.Build.0 = Debug|Any CPU
		{45F7CDCB-8904-4713-9B2A-BE3306705819}.Debug|x64.ActiveCfg = Debug|Any CPU
		{45F7CDCB-8904-4713-9B2A-BE3306705819}.Debug|x64.Build.0 = Debug|Any CPU
		{45F7CDCB-8904-4713-9B2A-BE3306705819}.Release|Any CPU.ActiveCfg = Release|Any CPU
		{45F7CDCB-8904-4713-9B2A-BE3306705819}.Release|Any CPU.Build.0 = Release|Any CPU
		{45F7CDCB-8904-4713-9B2A-BE3306705819}.Release|x64.ActiveCfg = Release|Any CPU
		{45F7CDCB-8904-4713-9B2A-BE3306705819}.Release|x64.Build.0 = Release|Any CPU
		{A8FA706F-EDF0-4F83-BEE9-78308812B821}.Debug|Any CPU.ActiveCfg = Debug|Any CPU
		{A8FA706F-EDF0-4F83-BEE9-78308812B821}.Debug|Any CPU.Build.0 = Debug|Any CPU
		{A8FA706F-EDF0-4F83-BEE9-78308812B821}.Debug|x64.ActiveCfg = Debug|Any CPU
		{A8FA706F-EDF0-4F83-BEE9-78308812B821}.Debug|x64.Build.0 = Debug|Any CPU
		{A8FA706F-EDF0-4F83-BEE9-78308812B821}.Release|Any CPU.ActiveCfg = Release|Any CPU
		{A8FA706F-EDF0-4F83-BEE9-78308812B821}.Release|Any CPU.Build.0 = Release|Any CPU
		{A8FA706F-EDF0-4F83-BEE9-78308812B821}.Release|x64.ActiveCfg = Release|Any CPU
		{A8FA706F-EDF0-4F83-BEE9-78308812B821}.Release|x64.Build.0 = Release|Any CPU
		{B0B81BC1-D90A-4515-89A1-BB2AF1FD0E62}.Debug|Any CPU.ActiveCfg = Debug|x64
		{B0B81BC1-D90A-4515-89A1-BB2AF1FD0E62}.Debug|Any CPU.Build.0 = Debug|x64
		{B0B81BC1-D90A-4515-89A1-BB2AF1FD0E62}.Debug|x64.ActiveCfg = Debug|x64
		{B0B81BC1-D90A-4515-89A1-BB2AF1FD0E62}.Debug|x64.Build.0 = Debug|x64
		{B0B81BC1-D90A-4515-89A1-BB2AF1FD0E62}.Release|Any CPU.ActiveCfg = Release|x64
		{B0B81BC1-D90A-4515-89A1-BB2AF1FD0E62}.Release|Any CPU.Build.0 = Release|x64
		{B0B81BC1-D90A-4515-89A1-BB2AF1FD0E62}.Release|x64.ActiveCfg = Release|x64
		{B0B81BC1-D90A-4515-89A1-BB2AF1FD0E62}.Release|x64.Build.0 = Release|x64
		{550A58D5-E510-4120-A3E6-FCA0C6C82514}.Debug|Any CPU.ActiveCfg = Debug|Any CPU
		{550A58D5-E510-4120-A3E6-FCA0C6C82514}.Debug|Any CPU.Build.0 = Debug|Any CPU
		{550A58D5-E510-4120-A3E6-FCA0C6C82514}.Debug|x64.ActiveCfg = Debug|Any CPU
		{550A58D5-E510-4120-A3E6-FCA0C6C82514}.Debug|x64.Build.0 = Debug|Any CPU
		{550A58D5-E510-4120-A3E6-FCA0C6C82514}.Release|Any CPU.ActiveCfg = Release|Any CPU
		{550A58D5-E510-4120-A3E6-FCA0C6C82514}.Release|Any CPU.Build.0 = Release|Any CPU
		{550A58D5-E510-4120-A3E6-FCA0C6C82514}.Release|x64.ActiveCfg = Release|Any CPU
		{550A58D5-E510-4120-A3E6-FCA0C6C82514}.Release|x64.Build.0 = Release|Any CPU
		{AF6F5CD9-316F-42DD-9BB8-50983979906A}.Debug|Any CPU.ActiveCfg = Debug|Any CPU
		{AF6F5CD9-316F-42DD-9BB8-50983979906A}.Debug|Any CPU.Build.0 = Debug|Any CPU
		{AF6F5CD9-316F-42DD-9BB8-50983979906A}.Debug|x64.ActiveCfg = Debug|Any CPU
		{AF6F5CD9-316F-42DD-9BB8-50983979906A}.Debug|x64.Build.0 = Debug|Any CPU
		{AF6F5CD9-316F-42DD-9BB8-50983979906A}.Release|Any CPU.ActiveCfg = Release|Any CPU
		{AF6F5CD9-316F-42DD-9BB8-50983979906A}.Release|Any CPU.Build.0 = Release|Any CPU
		{AF6F5CD9-316F-42DD-9BB8-50983979906A}.Release|x64.ActiveCfg = Release|Any CPU
		{AF6F5CD9-316F-42DD-9BB8-50983979906A}.Release|x64.Build.0 = Release|Any CPU
		{CD1C5CAE-B0C5-4ACF-A93A-38F8C55C2753}.Debug|Any CPU.ActiveCfg = Debug|Any CPU
		{CD1C5CAE-B0C5-4ACF-A93A-38F8C55C2753}.Debug|Any CPU.Build.0 = Debug|Any CPU
		{CD1C5CAE-B0C5-4ACF-A93A-38F8C55C2753}.Debug|x64.ActiveCfg = Debug|Any CPU
		{CD1C5CAE-B0C5-4ACF-A93A-38F8C55C2753}.Debug|x64.Build.0 = Debug|Any CPU
		{CD1C5CAE-B0C5-4ACF-A93A-38F8C55C2753}.Release|Any CPU.ActiveCfg = Release|Any CPU
		{CD1C5CAE-B0C5-4ACF-A93A-38F8C55C2753}.Release|Any CPU.Build.0 = Release|Any CPU
		{CD1C5CAE-B0C5-4ACF-A93A-38F8C55C2753}.Release|x64.ActiveCfg = Release|Any CPU
		{CD1C5CAE-B0C5-4ACF-A93A-38F8C55C2753}.Release|x64.Build.0 = Release|Any CPU
		{06565EB6-2AB4-49B1-B2FD-FCF9CACA73A6}.Debug|Any CPU.ActiveCfg = Debug|Any CPU
		{06565EB6-2AB4-49B1-B2FD-FCF9CACA73A6}.Debug|Any CPU.Build.0 = Debug|Any CPU
		{06565EB6-2AB4-49B1-B2FD-FCF9CACA73A6}.Debug|x64.ActiveCfg = Debug|Any CPU
		{06565EB6-2AB4-49B1-B2FD-FCF9CACA73A6}.Debug|x64.Build.0 = Debug|Any CPU
		{06565EB6-2AB4-49B1-B2FD-FCF9CACA73A6}.Release|Any CPU.ActiveCfg = Release|Any CPU
		{06565EB6-2AB4-49B1-B2FD-FCF9CACA73A6}.Release|Any CPU.Build.0 = Release|Any CPU
		{06565EB6-2AB4-49B1-B2FD-FCF9CACA73A6}.Release|x64.ActiveCfg = Release|Any CPU
		{06565EB6-2AB4-49B1-B2FD-FCF9CACA73A6}.Release|x64.Build.0 = Release|Any CPU
	EndGlobalSection
	GlobalSection(SolutionProperties) = preSolution
		HideSolutionNode = FALSE
	EndGlobalSection
	GlobalSection(NestedProjects) = preSolution
		{45F7CDCB-8904-4713-9B2A-BE3306705819} = {B517BF3B-13B4-46F7-91F1-48E025BA6B61}
		{A8FA706F-EDF0-4F83-BEE9-78308812B821} = {C9EDDF4C-E5BC-4E95-B181-6D0F72B3DC65}
		{B0B81BC1-D90A-4515-89A1-BB2AF1FD0E62} = {C9EDDF4C-E5BC-4E95-B181-6D0F72B3DC65}
		{550A58D5-E510-4120-A3E6-FCA0C6C82514} = {C9EDDF4C-E5BC-4E95-B181-6D0F72B3DC65}
		{AF6F5CD9-316F-42DD-9BB8-50983979906A} = {C9EDDF4C-E5BC-4E95-B181-6D0F72B3DC65}
		{CD1C5CAE-B0C5-4ACF-A93A-38F8C55C2753} = {78E37B2F-169D-4C62-8AB0-72D8CB14BD65}
		{06565EB6-2AB4-49B1-B2FD-FCF9CACA73A6} = {78E37B2F-169D-4C62-8AB0-72D8CB14BD65}
	EndGlobalSection
	GlobalSection(ExtensibilityGlobals) = postSolution
		SolutionGuid = {2DB80B11-7563-460B-AA81-AAA0EE3AAEBE}
	EndGlobalSection
EndGlobal
